dependencies:
- name: postgresql
  repository: https://charts.bitnami.com/bitnami
  version: 16.7.10
- name: redis
  repository: https://charts.bitnami.com/bitnami
  version: 21.2.1
- name: reactor
  repository: https://charts.kube-reactor.com
  version: 0.2.3
digest: sha256:0e8a02c2e8a4a8e23f49165bec43efb870d5ea6c363fc981d9cc669d95ff392c
generated: "2025-06-08T12:25:14.072074522-04:00"
