dependencies:
- name: postgresql
  repository: https://charts.bitnami.com/bitnami
  version: 15.5.38
- name: redis
  repository: https://charts.bitnami.com/bitnami
  version: 19.6.4
- name: zimagi-lib
  repository: https://charts.zimagi.com
  version: 0.1.6
digest: sha256:3d65ec7c52d1b6f40e6e264e6baf007502c1ca5aa995dfebec7f561b951312e2
generated: "2024-12-21T19:06:49.815668254-05:00"
