dependencies:
- name: postgresql
  repository: https://charts.bitnami.com/bitnami
  version: 16.7.10
- name: reactor
  repository: https://charts.kube-reactor.com
  version: 0.2.3
digest: sha256:534857b49f6981892ee047bcc2757a90032f64c49ca42e3aa30b4bac413ccab8
generated: "2025-06-08T00:36:23.22722614-04:00"
