dependencies:
- name: postgresql
  repository: https://charts.bitnami.com/bitnami
  version: 16.7.5
- name: reactor
  repository: https://charts.kube-reactor.com
  version: 0.2.3
digest: sha256:3be3c8ac47de9b7239ec69155d3e442ad8d424be815eb8ca9c0d31d7728e8d55
generated: "2025-05-27T18:37:59.169396584-04:00"
